// !$*UTF8*$!
{
	archiveVersion = 1;
	classes = {
	};
	objectVersion = 46;
	objects = {

/* Begin PBXBuildFile section */
		B65F33ED1E2F6C7600C4EE90 /* main.m in Sources */ = {isa = PBXBuildFile; fileRef = B65F33EC1E2F6C7600C4EE90 /* main.m */; };
		B65F33F01E2F6C7600C4EE90 /* AppDelegate.m in Sources */ = {isa = PBXBuildFile; fileRef = B65F33EF1E2F6C7600C4EE90 /* AppDelegate.m */; };
		B65F33F31E2F6C7600C4EE90 /* ViewController.m in Sources */ = {isa = PBXBuildFile; fileRef = B65F33F21E2F6C7600C4EE90 /* ViewController.m */; };
		B65F33F61E2F6C7600C4EE90 /* Main.storyboard in Resources */ = {isa = PBXBuildFile; fileRef = B65F33F41E2F6C7600C4EE90 /* Main.storyboard */; };
		B65F33F81E2F6C7600C4EE90 /* Assets.xcassets in Resources */ = {isa = PBXBuildFile; fileRef = B65F33F71E2F6C7600C4EE90 /* Assets.xcassets */; };
		B65F33FB1E2F6C7600C4EE90 /* LaunchScreen.storyboard in Resources */ = {isa = PBXBuildFile; fileRef = B65F33F91E2F6C7600C4EE90 /* LaunchScreen.storyboard */; };
		B65F34061E2F6C7600C4EE90 /* ________Tests.m in Sources */ = {isa = PBXBuildFile; fileRef = B65F34051E2F6C7600C4EE90 /* ________Tests.m */; };
		B65F34111E2F6C7600C4EE90 /* ________UITests.m in Sources */ = {isa = PBXBuildFile; fileRef = B65F34101E2F6C7600C4EE90 /* ________UITests.m */; };
		B65F34221E2F6F5F00C4EE90 /* json.plist in Resources */ = {isa = PBXBuildFile; fileRef = B65F34211E2F6F5F00C4EE90 /* json.plist */; };
/* End PBXBuildFile section */

/* Begin PBXContainerItemProxy section */
		B65F34021E2F6C7600C4EE90 /* PBXContainerItemProxy */ = {
			isa = PBXContainerItemProxy;
			containerPortal = B65F33E01E2F6C7500C4EE90 /* Project object */;
			proxyType = 1;
			remoteGlobalIDString = B65F33E71E2F6C7500C4EE90;
			remoteInfo = "自动生成属性代码";
		};
		B65F340D1E2F6C7600C4EE90 /* PBXContainerItemProxy */ = {
			isa = PBXContainerItemProxy;
			containerPortal = B65F33E01E2F6C7500C4EE90 /* Project object */;
			proxyType = 1;
			remoteGlobalIDString = B65F33E71E2F6C7500C4EE90;
			remoteInfo = "自动生成属性代码";
		};
/* End PBXContainerItemProxy section */

/* Begin PBXFileReference section */
		B65F33E81E2F6C7500C4EE90 /* 自动生成属性代码.app */ = {isa = PBXFileReference; explicitFileType = wrapper.application; includeInIndex = 0; path = "自动生成属性代码.app"; sourceTree = BUILT_PRODUCTS_DIR; };
		B65F33EC1E2F6C7600C4EE90 /* main.m */ = {isa = PBXFileReference; lastKnownFileType = sourcecode.c.objc; path = main.m; sourceTree = "<group>"; };
		B65F33EE1E2F6C7600C4EE90 /* AppDelegate.h */ = {isa = PBXFileReference; lastKnownFileType = sourcecode.c.h; path = AppDelegate.h; sourceTree = "<group>"; };
		B65F33EF1E2F6C7600C4EE90 /* AppDelegate.m */ = {isa = PBXFileReference; lastKnownFileType = sourcecode.c.objc; path = AppDelegate.m; sourceTree = "<group>"; };
		B65F33F11E2F6C7600C4EE90 /* ViewController.h */ = {isa = PBXFileReference; lastKnownFileType = sourcecode.c.h; path = ViewController.h; sourceTree = "<group>"; };
		B65F33F21E2F6C7600C4EE90 /* ViewController.m */ = {isa = PBXFileReference; lastKnownFileType = sourcecode.c.objc; path = ViewController.m; sourceTree = "<group>"; };
		B65F33F51E2F6C7600C4EE90 /* Base */ = {isa = PBXFileReference; lastKnownFileType = file.storyboard; name = Base; path = Base.lproj/Main.storyboard; sourceTree = "<group>"; };
		B65F33F71E2F6C7600C4EE90 /* Assets.xcassets */ = {isa = PBXFileReference; lastKnownFileType = folder.assetcatalog; path = Assets.xcassets; sourceTree = "<group>"; };
		B65F33FA1E2F6C7600C4EE90 /* Base */ = {isa = PBXFileReference; lastKnownFileType = file.storyboard; name = Base; path = Base.lproj/LaunchScreen.storyboard; sourceTree = "<group>"; };
		B65F33FC1E2F6C7600C4EE90 /* Info.plist */ = {isa = PBXFileReference; lastKnownFileType = text.plist.xml; path = Info.plist; sourceTree = "<group>"; };
		B65F34011E2F6C7600C4EE90 /* 自动生成属性代码Tests.xctest */ = {isa = PBXFileReference; explicitFileType = wrapper.cfbundle; includeInIndex = 0; path = "自动生成属性代码Tests.xctest"; sourceTree = BUILT_PRODUCTS_DIR; };
		B65F34051E2F6C7600C4EE90 /* ________Tests.m */ = {isa = PBXFileReference; lastKnownFileType = sourcecode.c.objc; path = "________Tests.m"; sourceTree = "<group>"; };
		B65F34071E2F6C7600C4EE90 /* Info.plist */ = {isa = PBXFileReference; lastKnownFileType = text.plist.xml; path = Info.plist; sourceTree = "<group>"; };
		B65F340C1E2F6C7600C4EE90 /* 自动生成属性代码UITests.xctest */ = {isa = PBXFileReference; explicitFileType = wrapper.cfbundle; includeInIndex = 0; path = "自动生成属性代码UITests.xctest"; sourceTree = BUILT_PRODUCTS_DIR; };
		B65F34101E2F6C7600C4EE90 /* ________UITests.m */ = {isa = PBXFileReference; lastKnownFileType = sourcecode.c.objc; path = "________UITests.m"; sourceTree = "<group>"; };
		B65F34121E2F6C7600C4EE90 /* Info.plist */ = {isa = PBXFileReference; lastKnownFileType = text.plist.xml; path = Info.plist; sourceTree = "<group>"; };
		B65F34211E2F6F5F00C4EE90 /* json.plist */ = {isa = PBXFileReference; fileEncoding = 4; lastKnownFileType = text.plist; path = json.plist; sourceTree = "<group>"; };
/* End PBXFileReference section */

/* Begin PBXFrameworksBuildPhase section */
		B65F33E51E2F6C7500C4EE90 /* Frameworks */ = {
			isa = PBXFrameworksBuildPhase;
			buildActionMask = 2147483647;
			files = (
			);
			runOnlyForDeploymentPostprocessing = 0;
		};
		B65F33FE1E2F6C7600C4EE90 /* Frameworks */ = {
			isa = PBXFrameworksBuildPhase;
			buildActionMask = 2147483647;
			files = (
			);
			runOnlyForDeploymentPostprocessing = 0;
		};
		B65F34091E2F6C7600C4EE90 /* Frameworks */ = {
			isa = PBXFrameworksBuildPhase;
			buildActionMask = 2147483647;
			files = (
			);
			runOnlyForDeploymentPostprocessing = 0;
		};
/* End PBXFrameworksBuildPhase section */

/* Begin PBXGroup section */
		B65F33DF1E2F6C7500C4EE90 = {
			isa = PBXGroup;
			children = (
				B65F33EA1E2F6C7500C4EE90 /* 自动生成属性代码 */,
				B65F34041E2F6C7600C4EE90 /* 自动生成属性代码Tests */,
				B65F340F1E2F6C7600C4EE90 /* 自动生成属性代码UITests */,
				B65F33E91E2F6C7500C4EE90 /* Products */,
			);
			sourceTree = "<group>";
		};
		B65F33E91E2F6C7500C4EE90 /* Products */ = {
			isa = PBXGroup;
			children = (
				B65F33E81E2F6C7500C4EE90 /* 自动生成属性代码.app */,
				B65F34011E2F6C7600C4EE90 /* 自动生成属性代码Tests.xctest */,
				B65F340C1E2F6C7600C4EE90 /* 自动生成属性代码UITests.xctest */,
			);
			name = Products;
			sourceTree = "<group>";
		};
		B65F33EA1E2F6C7500C4EE90 /* 自动生成属性代码 */ = {
			isa = PBXGroup;
			children = (
				B65F33EE1E2F6C7600C4EE90 /* AppDelegate.h */,
				B65F33EF1E2F6C7600C4EE90 /* AppDelegate.m */,
				B65F33F11E2F6C7600C4EE90 /* ViewController.h */,
				B65F33F21E2F6C7600C4EE90 /* ViewController.m */,
				B65F33F41E2F6C7600C4EE90 /* Main.storyboard */,
				B65F33F71E2F6C7600C4EE90 /* Assets.xcassets */,
				B65F33F91E2F6C7600C4EE90 /* LaunchScreen.storyboard */,
				B65F33FC1E2F6C7600C4EE90 /* Info.plist */,
				B65F34211E2F6F5F00C4EE90 /* json.plist */,
				B65F33EB1E2F6C7600C4EE90 /* Supporting Files */,
			);
			path = "自动生成属性代码";
			sourceTree = "<group>";
		};
		B65F33EB1E2F6C7600C4EE90 /* Supporting Files */ = {
			isa = PBXGroup;
			children = (
				B65F33EC1E2F6C7600C4EE90 /* main.m */,
			);
			name = "Supporting Files";
			sourceTree = "<group>";
		};
		B65F34041E2F6C7600C4EE90 /* 自动生成属性代码Tests */ = {
			isa = PBXGroup;
			children = (
				B65F34051E2F6C7600C4EE90 /* ________Tests.m */,
				B65F34071E2F6C7600C4EE90 /* Info.plist */,
			);
			path = "自动生成属性代码Tests";
			sourceTree = "<group>";
		};
		B65F340F1E2F6C7600C4EE90 /* 自动生成属性代码UITests */ = {
			isa = PBXGroup;
			children = (
				B65F34101E2F6C7600C4EE90 /* ________UITests.m */,
				B65F34121E2F6C7600C4EE90 /* Info.plist */,
			);
			path = "自动生成属性代码UITests";
			sourceTree = "<group>";
		};
/* End PBXGroup section */

/* Begin PBXNativeTarget section */
		B65F33E71E2F6C7500C4EE90 /* 自动生成属性代码 */ = {
			isa = PBXNativeTarget;
			buildConfigurationList = B65F34151E2F6C7600C4EE90 /* Build configuration list for PBXNativeTarget "自动生成属性代码" */;
			buildPhases = (
				B65F33E41E2F6C7500C4EE90 /* Sources */,
				B65F33E51E2F6C7500C4EE90 /* Frameworks */,
				B65F33E61E2F6C7500C4EE90 /* Resources */,
			);
			buildRules = (
			);
			dependencies = (
			);
			name = "自动生成属性代码";
			productName = "自动生成属性代码";
			productReference = B65F33E81E2F6C7500C4EE90 /* 自动生成属性代码.app */;
			productType = "com.apple.product-type.application";
		};
		B65F34001E2F6C7600C4EE90 /* 自动生成属性代码Tests */ = {
			isa = PBXNativeTarget;
			buildConfigurationList = B65F34181E2F6C7600C4EE90 /* Build configuration list for PBXNativeTarget "自动生成属性代码Tests" */;
			buildPhases = (
				B65F33FD1E2F6C7600C4EE90 /* Sources */,
				B65F33FE1E2F6C7600C4EE90 /* Frameworks */,
				B65F33FF1E2F6C7600C4EE90 /* Resources */,
			);
			buildRules = (
			);
			dependencies = (
				B65F34031E2F6C7600C4EE90 /* PBXTargetDependency */,
			);
			name = "自动生成属性代码Tests";
			productName = "自动生成属性代码Tests";
			productReference = B65F34011E2F6C7600C4EE90 /* 自动生成属性代码Tests.xctest */;
			productType = "com.apple.product-type.bundle.unit-test";
		};
		B65F340B1E2F6C7600C4EE90 /* 自动生成属性代码UITests */ = {
			isa = PBXNativeTarget;
			buildConfigurationList = B65F341B1E2F6C7600C4EE90 /* Build configuration list for PBXNativeTarget "自动生成属性代码UITests" */;
			buildPhases = (
				B65F34081E2F6C7600C4EE90 /* Sources */,
				B65F34091E2F6C7600C4EE90 /* Frameworks */,
				B65F340A1E2F6C7600C4EE90 /* Resources */,
			);
			buildRules = (
			);
			dependencies = (
				B65F340E1E2F6C7600C4EE90 /* PBXTargetDependency */,
			);
			name = "自动生成属性代码UITests";
			productName = "自动生成属性代码UITests";
			productReference = B65F340C1E2F6C7600C4EE90 /* 自动生成属性代码UITests.xctest */;
			productType = "com.apple.product-type.bundle.ui-testing";
		};
/* End PBXNativeTarget section */

/* Begin PBXProject section */
		B65F33E01E2F6C7500C4EE90 /* Project object */ = {
			isa = PBXProject;
			attributes = {
				LastUpgradeCheck = 0820;
				ORGANIZATIONNAME = "hong chen";
				TargetAttributes = {
					B65F33E71E2F6C7500C4EE90 = {
						CreatedOnToolsVersion = 8.2.1;
						ProvisioningStyle = Automatic;
					};
					B65F34001E2F6C7600C4EE90 = {
						CreatedOnToolsVersion = 8.2.1;
						ProvisioningStyle = Automatic;
						TestTargetID = B65F33E71E2F6C7500C4EE90;
					};
					B65F340B1E2F6C7600C4EE90 = {
						CreatedOnToolsVersion = 8.2.1;
						ProvisioningStyle = Automatic;
						TestTargetID = B65F33E71E2F6C7500C4EE90;
					};
				};
			};
			buildConfigurationList = B65F33E31E2F6C7500C4EE90 /* Build configuration list for PBXProject "自动生成属性代码" */;
			compatibilityVersion = "Xcode 3.2";
			developmentRegion = English;
			hasScannedForEncodings = 0;
			knownRegions = (
				en,
				Base,
			);
			mainGroup = B65F33DF1E2F6C7500C4EE90;
			productRefGroup = B65F33E91E2F6C7500C4EE90 /* Products */;
			projectDirPath = "";
			projectRoot = "";
			targets = (
				B65F33E71E2F6C7500C4EE90 /* 自动生成属性代码 */,
				B65F34001E2F6C7600C4EE90 /* 自动生成属性代码Tests */,
				B65F340B1E2F6C7600C4EE90 /* 自动生成属性代码UITests */,
			);
		};
/* End PBXProject section */

/* Begin PBXResourcesBuildPhase section */
		B65F33E61E2F6C7500C4EE90 /* Resources */ = {
			isa = PBXResourcesBuildPhase;
			buildActionMask = 2147483647;
			files = (
				B65F34221E2F6F5F00C4EE90 /* json.plist in Resources */,
				B65F33FB1E2F6C7600C4EE90 /* LaunchScreen.storyboard in Resources */,
				B65F33F81E2F6C7600C4EE90 /* Assets.xcassets in Resources */,
				B65F33F61E2F6C7600C4EE90 /* Main.storyboard in Resources */,
			);
			runOnlyForDeploymentPostprocessing = 0;
		};
		B65F33FF1E2F6C7600C4EE90 /* Resources */ = {
			isa = PBXResourcesBuildPhase;
			buildActionMask = 2147483647;
			files = (
			);
			runOnlyForDeploymentPostprocessing = 0;
		};
		B65F340A1E2F6C7600C4EE90 /* Resources */ = {
			isa = PBXResourcesBuildPhase;
			buildActionMask = 2147483647;
			files = (
			);
			runOnlyForDeploymentPostprocessing = 0;
		};
/* End PBXResourcesBuildPhase section */

/* Begin PBXSourcesBuildPhase section */
		B65F33E41E2F6C7500C4EE90 /* Sources */ = {
			isa = PBXSourcesBuildPhase;
			buildActionMask = 2147483647;
			files = (
				B65F33F31E2F6C7600C4EE90 /* ViewController.m in Sources */,
				B65F33F01E2F6C7600C4EE90 /* AppDelegate.m in Sources */,
				B65F33ED1E2F6C7600C4EE90 /* main.m in Sources */,
			);
			runOnlyForDeploymentPostprocessing = 0;
		};
		B65F33FD1E2F6C7600C4EE90 /* Sources */ = {
			isa = PBXSourcesBuildPhase;
			buildActionMask = 2147483647;
			files = (
				B65F34061E2F6C7600C4EE90 /* ________Tests.m in Sources */,
			);
			runOnlyForDeploymentPostprocessing = 0;
		};
		B65F34081E2F6C7600C4EE90 /* Sources */ = {
			isa = PBXSourcesBuildPhase;
			buildActionMask = 2147483647;
			files = (
				B65F34111E2F6C7600C4EE90 /* ________UITests.m in Sources */,
			);
			runOnlyForDeploymentPostprocessing = 0;
		};
/* End PBXSourcesBuildPhase section */

/* Begin PBXTargetDependency section */
		B65F34031E2F6C7600C4EE90 /* PBXTargetDependency */ = {
			isa = PBXTargetDependency;
			target = B65F33E71E2F6C7500C4EE90 /* 自动生成属性代码 */;
			targetProxy = B65F34021E2F6C7600C4EE90 /* PBXContainerItemProxy */;
		};
		B65F340E1E2F6C7600C4EE90 /* PBXTargetDependency */ = {
			isa = PBXTargetDependency;
			target = B65F33E71E2F6C7500C4EE90 /* 自动生成属性代码 */;
			targetProxy = B65F340D1E2F6C7600C4EE90 /* PBXContainerItemProxy */;
		};
/* End PBXTargetDependency section */

/* Begin PBXVariantGroup section */
		B65F33F41E2F6C7600C4EE90 /* Main.storyboard */ = {
			isa = PBXVariantGroup;
			children = (
				B65F33F51E2F6C7600C4EE90 /* Base */,
			);
			name = Main.storyboard;
			sourceTree = "<group>";
		};
		B65F33F91E2F6C7600C4EE90 /* LaunchScreen.storyboard */ = {
			isa = PBXVariantGroup;
			children = (
				B65F33FA1E2F6C7600C4EE90 /* Base */,
			);
			name = LaunchScreen.storyboard;
			sourceTree = "<group>";
		};
/* End PBXVariantGroup section */

/* Begin XCBuildConfiguration section */
		B65F34131E2F6C7600C4EE90 /* Debug */ = {
			isa = XCBuildConfiguration;
			buildSettings = {
				ALWAYS_SEARCH_USER_PATHS = NO;
				CLANG_ANALYZER_NONNULL = YES;
				CLANG_CXX_LANGUAGE_STANDARD = "gnu++0x";
				CLANG_CXX_LIBRARY = "libc++";
				CLANG_ENABLE_MODULES = YES;
				CLANG_ENABLE_OBJC_ARC = YES;
				CLANG_WARN_BOOL_CONVERSION = YES;
				CLANG_WARN_CONSTANT_CONVERSION = YES;
				CLANG_WARN_DIRECT_OBJC_ISA_USAGE = YES_ERROR;
				CLANG_WARN_DOCUMENTATION_COMMENTS = YES;
				CLANG_WARN_EMPTY_BODY = YES;
				CLANG_WARN_ENUM_CONVERSION = YES;
				CLANG_WARN_INFINITE_RECURSION = YES;
				CLANG_WARN_INT_CONVERSION = YES;
				CLANG_WARN_OBJC_ROOT_CLASS = YES_ERROR;
				CLANG_WARN_SUSPICIOUS_MOVE = YES;
				CLANG_WARN_UNREACHABLE_CODE = YES;
				CLANG_WARN__DUPLICATE_METHOD_MATCH = YES;
				"CODE_SIGN_IDENTITY[sdk=iphoneos*]" = "iPhone Developer";
				COPY_PHASE_STRIP = NO;
				DEBUG_INFORMATION_FORMAT = dwarf;
				ENABLE_STRICT_OBJC_MSGSEND = YES;
				ENABLE_TESTABILITY = YES;
				GCC_C_LANGUAGE_STANDARD = gnu99;
				GCC_DYNAMIC_NO_PIC = NO;
				GCC_NO_COMMON_BLOCKS = YES;
				GCC_OPTIMIZATION_LEVEL = 0;
				GCC_PREPROCESSOR_DEFINITIONS = (
					"DEBUG=1",
					"$(inherited)",
				);
				GCC_WARN_64_TO_32_BIT_CONVERSION = YES;
				GCC_WARN_ABOUT_RETURN_TYPE = YES_ERROR;
				GCC_WARN_UNDECLARED_SELECTOR = YES;
				GCC_WARN_UNINITIALIZED_AUTOS = YES_AGGRESSIVE;
				GCC_WARN_UNUSED_FUNCTION = YES;
				GCC_WARN_UNUSED_VARIABLE = YES;
				IPHONEOS_DEPLOYMENT_TARGET = 10.2;
				MTL_ENABLE_DEBUG_INFO = YES;
				ONLY_ACTIVE_ARCH = YES;
				SDKROOT = iphoneos;
				TARGETED_DEVICE_FAMILY = "1,2";
			};
			name = Debug;
		};
		B65F34141E2F6C7600C4EE90 /* Release */ = {
			isa = XCBuildConfiguration;
			buildSettings = {
				ALWAYS_SEARCH_USER_PATHS = NO;
				CLANG_ANALYZER_NONNULL = YES;
				CLANG_CXX_LANGUAGE_STANDARD = "gnu++0x";
				CLANG_CXX_LIBRARY = "libc++";
				CLANG_ENABLE_MODULES = YES;
				CLANG_ENABLE_OBJC_ARC = YES;
				CLANG_WARN_BOOL_CONVERSION = YES;
				CLANG_WARN_CONSTANT_CONVERSION = YES;
				CLANG_WARN_DIRECT_OBJC_ISA_USAGE = YES_ERROR;
				CLANG_WARN_DOCUMENTATION_COMMENTS = YES;
				CLANG_WARN_EMPTY_BODY = YES;
				CLANG_WARN_ENUM_CONVERSION = YES;
				CLANG_WARN_INFINITE_RECURSION = YES;
				CLANG_WARN_INT_CONVERSION = YES;
				CLANG_WARN_OBJC_ROOT_CLASS = YES_ERROR;
				CLANG_WARN_SUSPICIOUS_MOVE = YES;
				CLANG_WARN_UNREACHABLE_CODE = YES;
				CLANG_WARN__DUPLICATE_METHOD_MATCH = YES;
				"CODE_SIGN_IDENTITY[sdk=iphoneos*]" = "iPhone Developer";
				COPY_PHASE_STRIP = NO;
				DEBUG_INFORMATION_FORMAT = "dwarf-with-dsym";
				ENABLE_NS_ASSERTIONS = NO;
				ENABLE_STRICT_OBJC_MSGSEND = YES;
				GCC_C_LANGUAGE_STANDARD = gnu99;
				GCC_NO_COMMON_BLOCKS = YES;
				GCC_WARN_64_TO_32_BIT_CONVERSION = YES;
				GCC_WARN_ABOUT_RETURN_TYPE = YES_ERROR;
				GCC_WARN_UNDECLARED_SELECTOR = YES;
				GCC_WARN_UNINITIALIZED_AUTOS = YES_AGGRESSIVE;
				GCC_WARN_UNUSED_FUNCTION = YES;
				GCC_WARN_UNUSED_VARIABLE = YES;
				IPHONEOS_DEPLOYMENT_TARGET = 10.2;
				MTL_ENABLE_DEBUG_INFO = NO;
				SDKROOT = iphoneos;
				TARGETED_DEVICE_FAMILY = "1,2";
				VALIDATE_PRODUCT = YES;
			};
			name = Release;
		};
		B65F34161E2F6C7600C4EE90 /* Debug */ = {
			isa = XCBuildConfiguration;
			buildSettings = {
				ASSETCATALOG_COMPILER_APPICON_NAME = AppIcon;
				INFOPLIST_FILE = "自动生成属性代码/Info.plist";
				LD_RUNPATH_SEARCH_PATHS = "$(inherited) @executable_path/Frameworks";
				PRODUCT_BUNDLE_IDENTIFIER = "honchen.--------";
				PRODUCT_NAME = "$(TARGET_NAME)";
			};
			name = Debug;
		};
		B65F34171E2F6C7600C4EE90 /* Release */ = {
			isa = XCBuildConfiguration;
			buildSettings = {
				ASSETCATALOG_COMPILER_APPICON_NAME = AppIcon;
				INFOPLIST_FILE = "自动生成属性代码/Info.plist";
				LD_RUNPATH_SEARCH_PATHS = "$(inherited) @executable_path/Frameworks";
				PRODUCT_BUNDLE_IDENTIFIER = "honchen.--------";
				PRODUCT_NAME = "$(TARGET_NAME)";
			};
			name = Release;
		};
		B65F34191E2F6C7600C4EE90 /* Debug */ = {
			isa = XCBuildConfiguration;
			buildSettings = {
				BUNDLE_LOADER = "$(TEST_HOST)";
				INFOPLIST_FILE = "自动生成属性代码Tests/Info.plist";
				LD_RUNPATH_SEARCH_PATHS = "$(inherited) @executable_path/Frameworks @loader_path/Frameworks";
				PRODUCT_BUNDLE_IDENTIFIER = "honchen.--------Tests";
				PRODUCT_NAME = "$(TARGET_NAME)";
				TEST_HOST = "$(BUILT_PRODUCTS_DIR)/自动生成属性代码.app/自动生成属性代码";
			};
			name = Debug;
		};
		B65F341A1E2F6C7600C4EE90 /* Release */ = {
			isa = XCBuildConfiguration;
			buildSettings = {
				BUNDLE_LOADER = "$(TEST_HOST)";
				INFOPLIST_FILE = "自动生成属性代码Tests/Info.plist";
				LD_RUNPATH_SEARCH_PATHS = "$(inherited) @executable_path/Frameworks @loader_path/Frameworks";
				PRODUCT_BUNDLE_IDENTIFIER = "honchen.--------Tests";
				PRODUCT_NAME = "$(TARGET_NAME)";
				TEST_HOST = "$(BUILT_PRODUCTS_DIR)/自动生成属性代码.app/自动生成属性代码";
			};
			name = Release;
		};
		B65F341C1E2F6C7600C4EE90 /* Debug */ = {
			isa = XCBuildConfiguration;
			buildSettings = {
				INFOPLIST_FILE = "自动生成属性代码UITests/Info.plist";
				LD_RUNPATH_SEARCH_PATHS = "$(inherited) @executable_path/Frameworks @loader_path/Frameworks";
				PRODUCT_BUNDLE_IDENTIFIER = "honchen.--------UITests";
				PRODUCT_NAME = "$(TARGET_NAME)";
				TEST_TARGET_NAME = "自动生成属性代码";
			};
			name = Debug;
		};
		B65F341D1E2F6C7600C4EE90 /* Release */ = {
			isa = XCBuildConfiguration;
			buildSettings = {
				INFOPLIST_FILE = "自动生成属性代码UITests/Info.plist";
				LD_RUNPATH_SEARCH_PATHS = "$(inherited) @executable_path/Frameworks @loader_path/Frameworks";
				PRODUCT_BUNDLE_IDENTIFIER = "honchen.--------UITests";
				PRODUCT_NAME = "$(TARGET_NAME)";
				TEST_TARGET_NAME = "自动生成属性代码";
			};
			name = Release;
		};
/* End XCBuildConfiguration section */

/* Begin XCConfigurationList section */
		B65F33E31E2F6C7500C4EE90 /* Build configuration list for PBXProject "自动生成属性代码" */ = {
			isa = XCConfigurationList;
			buildConfigurations = (
				B65F34131E2F6C7600C4EE90 /* Debug */,
				B65F34141E2F6C7600C4EE90 /* Release */,
			);
			defaultConfigurationIsVisible = 0;
			defaultConfigurationName = Release;
		};
		B65F34151E2F6C7600C4EE90 /* Build configuration list for PBXNativeTarget "自动生成属性代码" */ = {
			isa = XCConfigurationList;
			buildConfigurations = (
				B65F34161E2F6C7600C4EE90 /* Debug */,
				B65F34171E2F6C7600C4EE90 /* Release */,
			);
			defaultConfigurationIsVisible = 0;
		};
		B65F34181E2F6C7600C4EE90 /* Build configuration list for PBXNativeTarget "自动生成属性代码Tests" */ = {
			isa = XCConfigurationList;
			buildConfigurations = (
				B65F34191E2F6C7600C4EE90 /* Debug */,
				B65F341A1E2F6C7600C4EE90 /* Release */,
			);
			defaultConfigurationIsVisible = 0;
		};
		B65F341B1E2F6C7600C4EE90 /* Build configuration list for PBXNativeTarget "自动生成属性代码UITests" */ = {
			isa = XCConfigurationList;
			buildConfigurations = (
				B65F341C1E2F6C7600C4EE90 /* Debug */,
				B65F341D1E2F6C7600C4EE90 /* Release */,
			);
			defaultConfigurationIsVisible = 0;
		};
/* End XCConfigurationList section */
	};
	rootObject = B65F33E01E2F6C7500C4EE90 /* Project object */;
}
